
Microsoft Visual Studio Solution File, Format Version 12.00
# Visual Studio Version 16
VisualStudioVersion = 16.0.31613.86
MinimumVisualStudioVersion = 10.0.40219.1
Project("{8BC9CEB8-8B4A-11D0-8D11-00A0C91BC942}") = "Oblig 3", "Oblig 3\Oblig 3.vcxproj", "{27AC27B4-1781-48B3-BA25-E7D6FE1AF34B}"
EndProject
Global
	GlobalSection(SolutionConfigurationPlatforms) = preSolution
		Debug|x64 = Debug|x64
		Debug|x86 = Debug|x86
		Release|x64 = Release|x64
		Release|x86 = Release|x86
	EndGlobalSection
	GlobalSection(ProjectConfigurationPlatforms) = postSolution
		{27AC27B4-1781-48B3-BA25-E7D6FE1AF34B}.Debug|x64.ActiveCfg = Debug|x64
		{27AC27B4-1781-48B3-BA25-E7D6FE1AF34B}.Debug|x64.Build.0 = Debug|x64
		{27AC27B4-1781-48B3-BA25-E7D6FE1AF34B}.Debug|x86.ActiveCfg = Debug|Win32
		{27AC27B4-1781-48B3-BA25-E7D6FE1AF34B}.Debug|x86.Build.0 = Debug|Win32
		{27AC27B4-1781-48B3-BA25-E7D6FE1AF34B}.Release|x64.ActiveCfg = Release|x64
		{27AC27B4-1781-48B3-BA25-E7D6FE1AF34B}.Release|x64.Build.0 = Release|x64
		{27AC27B4-1781-48B3-BA25-E7D6FE1AF34B}.Release|x86.ActiveCfg = Release|Win32
		{27AC27B4-1781-48B3-BA25-E7D6FE1AF34B}.Release|x86.Build.0 = Release|Win32
	EndGlobalSection
	GlobalSection(SolutionProperties) = preSolution
		HideSolutionNode = FALSE
	EndGlobalSection
	GlobalSection(ExtensibilityGlobals) = postSolution
		SolutionGuid = {8A8BFEDD-1589-4D33-B6B0-613E0822D7D6}
	EndGlobalSection
EndGlobal
